
Microsoft Visual Studio Solution File, Format Version 12.00
# Visual Studio Version 17
VisualStudioVersion = 17.13.35931.197 d17.13
MinimumVisualStudioVersion = 10.0.40219.1
Project("{FAE04EC0-301F-11D3-BF4B-00C04F79EFBC}") = "Exercicios_Arrays-Listas", "Exercicios_Arrays-Listas\Exercicios_Arrays-Listas.csproj", "{F16BFE77-F369-4496-B4B0-CF844A4DC9F8}"
EndProject
Global
	GlobalSection(SolutionConfigurationPlatforms) = preSolution
		Debug|Any CPU = Debug|Any CPU
		Release|Any CPU = Release|Any CPU
	EndGlobalSection
	GlobalSection(ProjectConfigurationPlatforms) = postSolution
		{F16BFE77-F369-4496-B4B0-CF844A4DC9F8}.Debug|Any CPU.ActiveCfg = Debug|Any CPU
		{F16BFE77-F369-4496-B4B0-CF844A4DC9F8}.Debug|Any CPU.Build.0 = Debug|Any CPU
		{F16BFE77-F369-4496-B4B0-CF844A4DC9F8}.Release|Any CPU.ActiveCfg = Release|Any CPU
		{F16BFE77-F369-4496-B4B0-CF844A4DC9F8}.Release|Any CPU.Build.0 = Release|Any CPU
	EndGlobalSection
	GlobalSection(SolutionProperties) = preSolution
		HideSolutionNode = FALSE
	EndGlobalSection
	GlobalSection(ExtensibilityGlobals) = postSolution
		SolutionGuid = {4FA6A2EE-C606-4FE5-A984-B29EB1B3B3C6}
	EndGlobalSection
EndGlobal
